<Solution>
  <Project Path="BU/BU.csproj" />
  <Project Path="Common/Common.csproj" Id="5a7826d2-0505-4dd3-84ae-0ac29f0410f2" />
  <Project Path="ConsoleApp1/ConsoleApp1.csproj" />
  <Project Path="DAL/DAL.csproj" />
  <Project Path="EasyImmoMaui/EasyImmoMaui.csproj">
    <Deploy Solution="Debug|*" />
  </Project>
</Solution>
